# THIS IS AN AUTOGENERATED FILE. DO NOT EDIT THIS FILE DIRECTLY.
# yarn lockfile v1


csvtojson@^2.0.10:
  version "2.0.14"
  resolved "https://registry.yarnpkg.com/csvtojson/-/csvtojson-2.0.14.tgz#89b46c302bb1aae1f2f7a9d8a5a3d7a6c301750b"
  integrity sha512-F7NNvhhDyob7OsuEGRsH0FM1aqLs/WYITyza3l+hTEEmOK9sGPBlYQZwlVG0ezCojXYpE17lhS5qL6BCOZSPyA==
  dependencies:
    lodash "^4.17.21"

lodash@^4.17.21:
  version "4.17.23"
  resolved "https://registry.yarnpkg.com/lodash/-/lodash-4.17.23.tgz#f113b0378386103be4f6893388c73d0bde7f2c5a"
  integrity sha512-LgVTMpQtIopCi79SJeDiP0TfWi5CNEc/L/aRdTh3yIvmZXTnheWpKjSZhnvMl8iXbC1tFg9gdHHDMLoV7CnG+w==
